
Microsoft Visual Studio Solution File, Format Version 12.00
# Visual Studio 2012
Project("{FAE04EC0-301F-11D3-BF4B-00C04F79EFBC}") = "ConsoleApplication3", "ConsoleApplication3\ConsoleApplication3.csproj", "{855EFF52-C4AC-421B-98D9-E38C1C9B0F8E}"
EndProject
Project("{FAE04EC0-301F-11D3-BF4B-00C04F79EFBC}") = "ConsoleApplication1", "ConsoleApplication1\ConsoleApplication1.csproj", "{7159FDB3-E0B5-4352-90FE-8016BB0524E6}"
EndProject
Project("{FAE04EC0-301F-11D3-BF4B-00C04F79EFBC}") = "ConsoleApplication2", "ConsoleApplication2\ConsoleApplication2.csproj", "{E19CED3B-16D2-43FA-81C1-FBD2C659ABE4}"
EndProject
Project("{FAE04EC0-301F-11D3-BF4B-00C04F79EFBC}") = "ClassLibrary1", "ClassLibrary1\ClassLibrary1.csproj", "{77DAD9EE-120F-45D9-BF53-3940099F1AB1}"
EndProject
Project("{FAE04EC0-301F-11D3-BF4B-00C04F79EFBC}") = "ConsoleApplication4", "ConsoleApplication4\ConsoleApplication4.csproj", "{86E3B8E3-C02B-442B-BB55-05541A133A0E}"
EndProject
Project("{FAE04EC0-301F-11D3-BF4B-00C04F79EFBC}") = "ConsoleApplication5", "ConsoleApplication5\ConsoleApplication5.csproj", "{1C3C122E-0EF2-4BAA-A3CF-2B7575FE0420}"
EndProject
Global
	GlobalSection(SolutionConfigurationPlatforms) = preSolution
		Debug|Any CPU = Debug|Any CPU
		Release|Any CPU = Release|Any CPU
	EndGlobalSection
	GlobalSection(ProjectConfigurationPlatforms) = postSolution
		{855EFF52-C4AC-421B-98D9-E38C1C9B0F8E}.Debug|Any CPU.ActiveCfg = Debug|Any CPU
		{855EFF52-C4AC-421B-98D9-E38C1C9B0F8E}.Debug|Any CPU.Build.0 = Debug|Any CPU
		{855EFF52-C4AC-421B-98D9-E38C1C9B0F8E}.Release|Any CPU.ActiveCfg = Release|Any CPU
		{855EFF52-C4AC-421B-98D9-E38C1C9B0F8E}.Release|Any CPU.Build.0 = Release|Any CPU
		{7159FDB3-E0B5-4352-90FE-8016BB0524E6}.Debug|Any CPU.ActiveCfg = Debug|Any CPU
		{7159FDB3-E0B5-4352-90FE-8016BB0524E6}.Debug|Any CPU.Build.0 = Debug|Any CPU
		{7159FDB3-E0B5-4352-90FE-8016BB0524E6}.Release|Any CPU.ActiveCfg = Release|Any CPU
		{7159FDB3-E0B5-4352-90FE-8016BB0524E6}.Release|Any CPU.Build.0 = Release|Any CPU
		{E19CED3B-16D2-43FA-81C1-FBD2C659ABE4}.Debug|Any CPU.ActiveCfg = Debug|Any CPU
		{E19CED3B-16D2-43FA-81C1-FBD2C659ABE4}.Debug|Any CPU.Build.0 = Debug|Any CPU
		{E19CED3B-16D2-43FA-81C1-FBD2C659ABE4}.Release|Any CPU.ActiveCfg = Release|Any CPU
		{E19CED3B-16D2-43FA-81C1-FBD2C659ABE4}.Release|Any CPU.Build.0 = Release|Any CPU
		{77DAD9EE-120F-45D9-BF53-3940099F1AB1}.Debug|Any CPU.ActiveCfg = Debug|Any CPU
		{77DAD9EE-120F-45D9-BF53-3940099F1AB1}.Debug|Any CPU.Build.0 = Debug|Any CPU
		{77DAD9EE-120F-45D9-BF53-3940099F1AB1}.Release|Any CPU.ActiveCfg = Release|Any CPU
		{77DAD9EE-120F-45D9-BF53-3940099F1AB1}.Release|Any CPU.Build.0 = Release|Any CPU
		{86E3B8E3-C02B-442B-BB55-05541A133A0E}.Debug|Any CPU.ActiveCfg = Debug|Any CPU
		{86E3B8E3-C02B-442B-BB55-05541A133A0E}.Debug|Any CPU.Build.0 = Debug|Any CPU
		{86E3B8E3-C02B-442B-BB55-05541A133A0E}.Release|Any CPU.ActiveCfg = Release|Any CPU
		{86E3B8E3-C02B-442B-BB55-05541A133A0E}.Release|Any CPU.Build.0 = Release|Any CPU
		{1C3C122E-0EF2-4BAA-A3CF-2B7575FE0420}.Debug|Any CPU.ActiveCfg = Debug|Any CPU
		{1C3C122E-0EF2-4BAA-A3CF-2B7575FE0420}.Debug|Any CPU.Build.0 = Debug|Any CPU
		{1C3C122E-0EF2-4BAA-A3CF-2B7575FE0420}.Release|Any CPU.ActiveCfg = Release|Any CPU
		{1C3C122E-0EF2-4BAA-A3CF-2B7575FE0420}.Release|Any CPU.Build.0 = Release|Any CPU
	EndGlobalSection
	GlobalSection(SolutionProperties) = preSolution
		HideSolutionNode = FALSE
	EndGlobalSection
EndGlobal
